// !$*UTF8*$!
{
	archiveVersion = 1;
	classes = {
	};
	objectVersion = 46;
	objects = {

/* Begin PBXBuildFile section */
		D6121D341BFCD9B800D6F3D7 /* AppDelegate.swift in Sources */ = {isa = PBXBuildFile; fileRef = D6121D331BFCD9B800D6F3D7 /* AppDelegate.swift */; };
		D6121D361BFCD9B800D6F3D7 /* ViewController.swift in Sources */ = {isa = PBXBuildFile; fileRef = D6121D351BFCD9B800D6F3D7 /* ViewController.swift */; };
		D6121D391BFCD9B800D6F3D7 /* Main.storyboard in Resources */ = {isa = PBXBuildFile; fileRef = D6121D371BFCD9B800D6F3D7 /* Main.storyboard */; };
		D6121D3B1BFCD9B800D6F3D7 /* Assets.xcassets in Resources */ = {isa = PBXBuildFile; fileRef = D6121D3A1BFCD9B800D6F3D7 /* Assets.xcassets */; };
		D6121D3E1BFCD9B800D6F3D7 /* LaunchScreen.storyboard in Resources */ = {isa = PBXBuildFile; fileRef = D6121D3C1BFCD9B800D6F3D7 /* LaunchScreen.storyboard */; };
/* End PBXBuildFile section */

/* Begin PBXFileReference section */
		D6121D301BFCD9B800D6F3D7 /* Aura.app */ = {isa = PBXFileReference; explicitFileType = wrapper.application; includeInIndex = 0; path = Aura.app; sourceTree = BUILT_PRODUCTS_DIR; };
		D6121D331BFCD9B800D6F3D7 /* AppDelegate.swift */ = {isa = PBXFileReference; lastKnownFileType = sourcecode.swift; path = AppDelegate.swift; sourceTree = "<group>"; };
		D6121D351BFCD9B800D6F3D7 /* ViewController.swift */ = {isa = PBXFileReference; lastKnownFileType = sourcecode.swift; path = ViewController.swift; sourceTree = "<group>"; };
		D6121D381BFCD9B800D6F3D7 /* Base */ = {isa = PBXFileReference; lastKnownFileType = file.storyboard; name = Base; path = Base.lproj/Main.storyboard; sourceTree = "<group>"; };
		D6121D3A1BFCD9B800D6F3D7 /* Assets.xcassets */ = {isa = PBXFileReference; lastKnownFileType = folder.assetcatalog; path = Assets.xcassets; sourceTree = "<group>"; };
		D6121D3D1BFCD9B800D6F3D7 /* Base */ = {isa = PBXFileReference; lastKnownFileType = file.storyboard; name = Base; path = Base.lproj/LaunchScreen.storyboard; sourceTree = "<group>"; };
		D6121D3F1BFCD9B800D6F3D7 /* Info.plist */ = {isa = PBXFileReference; lastKnownFileType = text.plist.xml; path = Info.plist; sourceTree = "<group>"; };
		D6121D471BFCF2B200D6F3D7 /* Aura.entitlements */ = {isa = PBXFileReference; lastKnownFileType = text.xml; path = Aura.entitlements; sourceTree = "<group>"; };
/* End PBXFileReference section */

/* Begin PBXFrameworksBuildPhase section */
		D6121D2D1BFCD9B800D6F3D7 /* Frameworks */ = {
			isa = PBXFrameworksBuildPhase;
			buildActionMask = 2147483647;
			files = (
			);
			runOnlyForDeploymentPostprocessing = 0;
		};
/* End PBXFrameworksBuildPhase section */

/* Begin PBXGroup section */
		D6121D271BFCD9B800D6F3D7 = {
			isa = PBXGroup;
			children = (
				D6121D321BFCD9B800D6F3D7 /* Aura */,
				D6121D311BFCD9B800D6F3D7 /* Products */,
			);
			sourceTree = "<group>";
		};
		D6121D311BFCD9B800D6F3D7 /* Products */ = {
			isa = PBXGroup;
			children = (
				D6121D301BFCD9B800D6F3D7 /* Aura.app */,
			);
			name = Products;
			sourceTree = "<group>";
		};
		D6121D321BFCD9B800D6F3D7 /* Aura */ = {
			isa = PBXGroup;
			children = (
				D6121D471BFCF2B200D6F3D7 /* Aura.entitlements */,
				D6121D331BFCD9B800D6F3D7 /* AppDelegate.swift */,
				D6121D351BFCD9B800D6F3D7 /* ViewController.swift */,
				D6121D371BFCD9B800D6F3D7 /* Main.storyboard */,
				D6121D3A1BFCD9B800D6F3D7 /* Assets.xcassets */,
				D6121D3C1BFCD9B800D6F3D7 /* LaunchScreen.storyboard */,
				D6121D3F1BFCD9B800D6F3D7 /* Info.plist */,
			);
			path = Aura;
			sourceTree = "<group>";
		};
/* End PBXGroup section */

/* Begin PBXNativeTarget section */
		D6121D2F1BFCD9B800D6F3D7 /* Aura */ = {
			isa = PBXNativeTarget;
			buildConfigurationList = D6121D421BFCD9B800D6F3D7 /* Build configuration list for PBXNativeTarget "Aura" */;
			buildPhases = (
				D6121D2C1BFCD9B800D6F3D7 /* Sources */,
				D6121D2D1BFCD9B800D6F3D7 /* Frameworks */,
				D6121D2E1BFCD9B800D6F3D7 /* Resources */,
			);
			buildRules = (
			);
			dependencies = (
			);
			name = Aura;
			productName = Aura;
			productReference = D6121D301BFCD9B800D6F3D7 /* Aura.app */;
			productType = "com.apple.product-type.application";
		};
/* End PBXNativeTarget section */

/* Begin PBXProject section */
		D6121D281BFCD9B800D6F3D7 /* Project object */ = {
			isa = PBXProject;
			attributes = {
				LastSwiftUpdateCheck = 0710;
				LastUpgradeCheck = 0710;
				ORGANIZATIONNAME = Consensio;
				TargetAttributes = {
					D6121D2F1BFCD9B800D6F3D7 = {
						CreatedOnToolsVersion = 7.1.1;
						DevelopmentTeam = X5222Q3BH2;
						SystemCapabilities = {
							com.apple.InterAppAudio = {
								enabled = 0;
							};
						};
					};
				};
			};
			buildConfigurationList = D6121D2B1BFCD9B800D6F3D7 /* Build configuration list for PBXProject "Aura" */;
			compatibilityVersion = "Xcode 3.2";
			developmentRegion = English;
			hasScannedForEncodings = 0;
			knownRegions = (
				en,
				Base,
			);
			mainGroup = D6121D271BFCD9B800D6F3D7;
			productRefGroup = D6121D311BFCD9B800D6F3D7 /* Products */;
			projectDirPath = "";
			projectRoot = "";
			targets = (
				D6121D2F1BFCD9B800D6F3D7 /* Aura */,
			);
		};
/* End PBXProject section */

/* Begin PBXResourcesBuildPhase section */
		D6121D2E1BFCD9B800D6F3D7 /* Resources */ = {
			isa = PBXResourcesBuildPhase;
			buildActionMask = 2147483647;
			files = (
				D6121D3E1BFCD9B800D6F3D7 /* LaunchScreen.storyboard in Resources */,
				D6121D3B1BFCD9B800D6F3D7 /* Assets.xcassets in Resources */,
				D6121D391BFCD9B800D6F3D7 /* Main.storyboard in Resources */,
			);
			runOnlyForDeploymentPostprocessing = 0;
		};
/* End PBXResourcesBuildPhase section */

/* Begin PBXSourcesBuildPhase section */
		D6121D2C1BFCD9B800D6F3D7 /* Sources */ = {
			isa = PBXSourcesBuildPhase;
			buildActionMask = 2147483647;
			files = (
				D6121D361BFCD9B800D6F3D7 /* ViewController.swift in Sources */,
				D6121D341BFCD9B800D6F3D7 /* AppDelegate.swift in Sources */,
			);
			runOnlyForDeploymentPostprocessing = 0;
		};
/* End PBXSourcesBuildPhase section */

/* Begin PBXVariantGroup section */
		D6121D371BFCD9B800D6F3D7 /* Main.storyboard */ = {
			isa = PBXVariantGroup;
			children = (
				D6121D381BFCD9B800D6F3D7 /* Base */,
			);
			name = Main.storyboard;
			sourceTree = "<group>";
		};
		D6121D3C1BFCD9B800D6F3D7 /* LaunchScreen.storyboard */ = {
			isa = PBXVariantGroup;
			children = (
				D6121D3D1BFCD9B800D6F3D7 /* Base */,
			);
			name = LaunchScreen.storyboard;
			sourceTree = "<group>";
		};
/* End PBXVariantGroup section */

/* Begin XCBuildConfiguration section */
		D6121D401BFCD9B800D6F3D7 /* Debug */ = {
			isa = XCBuildConfiguration;
			buildSettings = {
				ALWAYS_SEARCH_USER_PATHS = NO;
				CLANG_CXX_LANGUAGE_STANDARD = "gnu++0x";
				CLANG_CXX_LIBRARY = "libc++";
				CLANG_ENABLE_MODULES = YES;
				CLANG_ENABLE_OBJC_ARC = YES;
				CLANG_WARN_BOOL_CONVERSION = YES;
				CLANG_WARN_CONSTANT_CONVERSION = YES;
				CLANG_WARN_DIRECT_OBJC_ISA_USAGE = YES_ERROR;
				CLANG_WARN_EMPTY_BODY = YES;
				CLANG_WARN_ENUM_CONVERSION = YES;
				CLANG_WARN_INT_CONVERSION = YES;
				CLANG_WARN_OBJC_ROOT_CLASS = YES_ERROR;
				CLANG_WARN_UNREACHABLE_CODE = YES;
				CLANG_WARN__DUPLICATE_METHOD_MATCH = YES;
				"CODE_SIGN_IDENTITY[sdk=iphoneos*]" = "iPhone Developer";
				COPY_PHASE_STRIP = NO;
				DEBUG_INFORMATION_FORMAT = dwarf;
				ENABLE_STRICT_OBJC_MSGSEND = YES;
				ENABLE_TESTABILITY = YES;
				GCC_C_LANGUAGE_STANDARD = gnu99;
				GCC_DYNAMIC_NO_PIC = NO;
				GCC_NO_COMMON_BLOCKS = YES;
				GCC_OPTIMIZATION_LEVEL = 0;
				GCC_PREPROCESSOR_DEFINITIONS = (
					"DEBUG=1",
					"$(inherited)",
				);
				GCC_WARN_64_TO_32_BIT_CONVERSION = YES;
				GCC_WARN_ABOUT_RETURN_TYPE = YES_ERROR;
				GCC_WARN_UNDECLARED_SELECTOR = YES;
				GCC_WARN_UNINITIALIZED_AUTOS = YES_AGGRESSIVE;
				GCC_WARN_UNUSED_FUNCTION = YES;
				GCC_WARN_UNUSED_VARIABLE = YES;
				IPHONEOS_DEPLOYMENT_TARGET = 9.1;
				MTL_ENABLE_DEBUG_INFO = YES;
				ONLY_ACTIVE_ARCH = YES;
				SDKROOT = iphoneos;
				SWIFT_OPTIMIZATION_LEVEL = "-Onone";
			};
			name = Debug;
		};
		D6121D411BFCD9B800D6F3D7 /* Release */ = {
			isa = XCBuildConfiguration;
			buildSettings = {
				ALWAYS_SEARCH_USER_PATHS = NO;
				CLANG_CXX_LANGUAGE_STANDARD = "gnu++0x";
				CLANG_CXX_LIBRARY = "libc++";
				CLANG_ENABLE_MODULES = YES;
				CLANG_ENABLE_OBJC_ARC = YES;
				CLANG_WARN_BOOL_CONVERSION = YES;
				CLANG_WARN_CONSTANT_CONVERSION = YES;
				CLANG_WARN_DIRECT_OBJC_ISA_USAGE = YES_ERROR;
				CLANG_WARN_EMPTY_BODY = YES;
				CLANG_WARN_ENUM_CONVERSION = YES;
				CLANG_WARN_INT_CONVERSION = YES;
				CLANG_WARN_OBJC_ROOT_CLASS = YES_ERROR;
				CLANG_WARN_UNREACHABLE_CODE = YES;
				CLANG_WARN__DUPLICATE_METHOD_MATCH = YES;
				"CODE_SIGN_IDENTITY[sdk=iphoneos*]" = "iPhone Developer";
				COPY_PHASE_STRIP = NO;
				DEBUG_INFORMATION_FORMAT = "dwarf-with-dsym";
				ENABLE_NS_ASSERTIONS = NO;
				ENABLE_STRICT_OBJC_MSGSEND = YES;
				GCC_C_LANGUAGE_STANDARD = gnu99;
				GCC_NO_COMMON_BLOCKS = YES;
				GCC_WARN_64_TO_32_BIT_CONVERSION = YES;
				GCC_WARN_ABOUT_RETURN_TYPE = YES_ERROR;
				GCC_WARN_UNDECLARED_SELECTOR = YES;
				GCC_WARN_UNINITIALIZED_AUTOS = YES_AGGRESSIVE;
				GCC_WARN_UNUSED_FUNCTION = YES;
				GCC_WARN_UNUSED_VARIABLE = YES;
				IPHONEOS_DEPLOYMENT_TARGET = 9.1;
				MTL_ENABLE_DEBUG_INFO = NO;
				SDKROOT = iphoneos;
				VALIDATE_PRODUCT = YES;
			};
			name = Release;
		};
		D6121D431BFCD9B800D6F3D7 /* Debug */ = {
			isa = XCBuildConfiguration;
			buildSettings = {
				ASSETCATALOG_COMPILER_APPICON_NAME = AppIcon;
				CODE_SIGN_IDENTITY = "iPhone Developer";
				"CODE_SIGN_IDENTITY[sdk=iphoneos*]" = "iPhone Developer";
				INFOPLIST_FILE = Aura/Info.plist;
				LD_RUNPATH_SEARCH_PATHS = "$(inherited) @executable_path/Frameworks";
				PRODUCT_BUNDLE_IDENTIFIER = com.consensio.Aura;
				PRODUCT_NAME = "$(TARGET_NAME)";
				PROVISIONING_PROFILE = "";
			};
			name = Debug;
		};
		D6121D441BFCD9B800D6F3D7 /* Release */ = {
			isa = XCBuildConfiguration;
			buildSettings = {
				ASSETCATALOG_COMPILER_APPICON_NAME = AppIcon;
				CODE_SIGN_IDENTITY = "iPhone Developer";
				"CODE_SIGN_IDENTITY[sdk=iphoneos*]" = "iPhone Developer";
				INFOPLIST_FILE = Aura/Info.plist;
				LD_RUNPATH_SEARCH_PATHS = "$(inherited) @executable_path/Frameworks";
				PRODUCT_BUNDLE_IDENTIFIER = com.consensio.Aura;
				PRODUCT_NAME = "$(TARGET_NAME)";
				PROVISIONING_PROFILE = "";
			};
			name = Release;
		};
/* End XCBuildConfiguration section */

/* Begin XCConfigurationList section */
		D6121D2B1BFCD9B800D6F3D7 /* Build configuration list for PBXProject "Aura" */ = {
			isa = XCConfigurationList;
			buildConfigurations = (
				D6121D401BFCD9B800D6F3D7 /* Debug */,
				D6121D411BFCD9B800D6F3D7 /* Release */,
			);
			defaultConfigurationIsVisible = 0;
			defaultConfigurationName = Release;
		};
		D6121D421BFCD9B800D6F3D7 /* Build configuration list for PBXNativeTarget "Aura" */ = {
			isa = XCConfigurationList;
			buildConfigurations = (
				D6121D431BFCD9B800D6F3D7 /* Debug */,
				D6121D441BFCD9B800D6F3D7 /* Release */,
			);
			defaultConfigurationIsVisible = 0;
		};
/* End XCConfigurationList section */
	};
	rootObject = D6121D281BFCD9B800D6F3D7 /* Project object */;
}
